{
  "nodes": {
    "flakeNimbleLib": {
      "inputs": {
        "nixpkgs": [
          "nixpkgs"
        ]
      },
      "locked": {
        "lastModified": 1662018438,
        "narHash": "sha256-QtNtU6+LX3Wokxf0zlFwKTFOcn6TeDjKQZ+DA9OYtvM=",
        "owner": "riinr",
        "repo": "nim-flakes-lib",
        "rev": "b1fe8340736e3a85d25c709ac3dfd82a55c03cbf",
        "type": "github"
      },
      "original": {
        "owner": "riinr",
        "ref": "master",
        "repo": "nim-flakes-lib",
        "type": "github"
      }
    },
    "nixpkgs": {
      "locked": {
        "lastModified": 1667110639,
        "narHash": "sha256-4FbPESZ5LbqQxkJJJBAfk/zKgF9h/4kyUwjjpJwYlbc=",
        "owner": "NixOS",
        "repo": "nixpkgs",
        "rev": "f38a1f04d1bec1feb61fd101a0539ae2002a7087",
        "type": "github"
      },
      "original": {
        "id": "nixpkgs",
        "type": "indirect"
      }
    },
    "parselicense-master": {
      "inputs": {
        "flakeNimbleLib": [
          "flakeNimbleLib"
        ],
        "nixpkgs": [
          "nixpkgs"
        ],
        "src-parselicense-master": "src-parselicense-master"
      },
      "locked": {
        "dir": "master",
        "lastModified": 1662254734,
        "narHash": "sha256-kJe00orcM8IMaoRbVwVFty/TByUFKF0MFCqCa0PCW/E=",
        "owner": "nim-nix-pkgs",
        "repo": "parselicense",
        "rev": "6af37b41a5805a51daae7c2a7def079d91984866",
        "type": "github"
      },
      "original": {
        "dir": "master",
        "owner": "nim-nix-pkgs",
        "ref": "master",
        "repo": "parselicense",
        "type": "github"
      }
    },
    "root": {
      "inputs": {
        "flakeNimbleLib": "flakeNimbleLib",
        "nixpkgs": "nixpkgs",
        "parselicense-master": "parselicense-master"
      }
    },
    "src-parselicense-master": {
      "flake": false,
      "locked": {
        "lastModified": 1586379814,
        "narHash": "sha256-Ta2XsyV03yuej0r4b1UiwrzyGKNbneOvGClecdaymt4=",
        "owner": "juancarlospaco",
        "repo": "parselicense",
        "rev": "ffad2e320300215f199e60c785cc24fe63e15091",
        "type": "github"
      },
      "original": {
        "owner": "juancarlospaco",
        "ref": "refs/heads/master",
        "repo": "parselicense",
        "type": "github"
      }
    }
  },
  "root": "root",
  "version": 7
}
